
Microsoft Visual Studio Solution File, Format Version 12.00
# Visual Studio Version 16
VisualStudioVersion = 16.0.31129.286
MinimumVisualStudioVersion = 10.0.40219.1
Project("{FAE04EC0-301F-11D3-BF4B-00C04F79EFBC}") = "homework6", "homework6\homework6.csproj", "{5E3EAEFB-8A65-492A-8CEC-E4E65E77FAAE}"
EndProject
Project("{FAE04EC0-301F-11D3-BF4B-00C04F79EFBC}") = "OrderServicesTest", "OrderServicesTest\OrderServicesTest.csproj", "{6BEFD558-F465-4B43-BB1F-06E63113C065}"
EndProject
Global
	GlobalSection(SolutionConfigurationPlatforms) = preSolution
		Debug|Any CPU = Debug|Any CPU
		Release|Any CPU = Release|Any CPU
	EndGlobalSection
	GlobalSection(ProjectConfigurationPlatforms) = postSolution
		{5E3EAEFB-8A65-492A-8CEC-E4E65E77FAAE}.Debug|Any CPU.ActiveCfg = Debug|Any CPU
		{5E3EAEFB-8A65-492A-8CEC-E4E65E77FAAE}.Debug|Any CPU.Build.0 = Debug|Any CPU
		{5E3EAEFB-8A65-492A-8CEC-E4E65E77FAAE}.Release|Any CPU.ActiveCfg = Release|Any CPU
		{5E3EAEFB-8A65-492A-8CEC-E4E65E77FAAE}.Release|Any CPU.Build.0 = Release|Any CPU
		{6BEFD558-F465-4B43-BB1F-06E63113C065}.Debug|Any CPU.ActiveCfg = Debug|Any CPU
		{6BEFD558-F465-4B43-BB1F-06E63113C065}.Debug|Any CPU.Build.0 = Debug|Any CPU
		{6BEFD558-F465-4B43-BB1F-06E63113C065}.Release|Any CPU.ActiveCfg = Release|Any CPU
		{6BEFD558-F465-4B43-BB1F-06E63113C065}.Release|Any CPU.Build.0 = Release|Any CPU
	EndGlobalSection
	GlobalSection(SolutionProperties) = preSolution
		HideSolutionNode = FALSE
	EndGlobalSection
	GlobalSection(ExtensibilityGlobals) = postSolution
		SolutionGuid = {C47150BA-5247-4AB7-BFD6-410600194085}
	EndGlobalSection
EndGlobal
